
Microsoft Visual Studio Solution File, Format Version 12.00
# Visual Studio Version 17
VisualStudioVersion = 17.4.33403.182
MinimumVisualStudioVersion = 10.0.40219.1
Project("{F184B08F-C81C-45F6-A57F-5ABD9991F28F}") = "MyTest_VB", "MyTest_VB\MyTest_VB.vbproj", "{A3480F80-7822-41C8-A9B7-3A95B2736E7C}"
EndProject
Project("{F184B08F-C81C-45F6-A57F-5ABD9991F28F}") = "MyUtilsTest", "MyUtilsTest\MyUtilsTest.vbproj", "{ED78136E-39D5-41A6-AADC-55F7C2B0C6B9}"
EndProject
Global
	GlobalSection(SolutionConfigurationPlatforms) = preSolution
		Debug|Any CPU = Debug|Any CPU
		Release|Any CPU = Release|Any CPU
	EndGlobalSection
	GlobalSection(ProjectConfigurationPlatforms) = postSolution
		{A3480F80-7822-41C8-A9B7-3A95B2736E7C}.Debug|Any CPU.ActiveCfg = Debug|Any CPU
		{A3480F80-7822-41C8-A9B7-3A95B2736E7C}.Debug|Any CPU.Build.0 = Debug|Any CPU
		{A3480F80-7822-41C8-A9B7-3A95B2736E7C}.Release|Any CPU.ActiveCfg = Release|Any CPU
		{A3480F80-7822-41C8-A9B7-3A95B2736E7C}.Release|Any CPU.Build.0 = Release|Any CPU
		{ED78136E-39D5-41A6-AADC-55F7C2B0C6B9}.Debug|Any CPU.ActiveCfg = Debug|Any CPU
		{ED78136E-39D5-41A6-AADC-55F7C2B0C6B9}.Debug|Any CPU.Build.0 = Debug|Any CPU
		{ED78136E-39D5-41A6-AADC-55F7C2B0C6B9}.Release|Any CPU.ActiveCfg = Release|Any CPU
		{ED78136E-39D5-41A6-AADC-55F7C2B0C6B9}.Release|Any CPU.Build.0 = Release|Any CPU
	EndGlobalSection
	GlobalSection(SolutionProperties) = preSolution
		HideSolutionNode = FALSE
	EndGlobalSection
	GlobalSection(ExtensibilityGlobals) = postSolution
		SolutionGuid = {9D56900D-2694-4CD5-BDC4-8A1EBFA78C81}
	EndGlobalSection
EndGlobal
